// !$*UTF8*$!
{
	archiveVersion = 1;
	classes = {
	};
	objectVersion = 56;
	objects = {

/* Begin PBXBuildFile section */
		E6C1448A2A5C568A008825AD /* easy_payApp.swift in Sources */ = {isa = PBXBuildFile; fileRef = E6C144892A5C568A008825AD /* easy_payApp.swift */; };
		E6C1448C2A5C568A008825AD /* ContentView.swift in Sources */ = {isa = PBXBuildFile; fileRef = E6C1448B2A5C568A008825AD /* ContentView.swift */; };
		E6C1448E2A5C568D008825AD /* Assets.xcassets in Resources */ = {isa = PBXBuildFile; fileRef = E6C1448D2A5C568D008825AD /* Assets.xcassets */; };
		E6C144912A5C568D008825AD /* Preview Assets.xcassets in Resources */ = {isa = PBXBuildFile; fileRef = E6C144902A5C568D008825AD /* Preview Assets.xcassets */; };
		E6C1449A2A5C5870008825AD /* LoginView.swift in Sources */ = {isa = PBXBuildFile; fileRef = E6C144992A5C5870008825AD /* LoginView.swift */; };
		E6C1449E2A5C595A008825AD /* LoginViewModel.swift in Sources */ = {isa = PBXBuildFile; fileRef = E6C1449D2A5C595A008825AD /* LoginViewModel.swift */; };
		E6C144A22A5C59D5008825AD /* Validations.swift in Sources */ = {isa = PBXBuildFile; fileRef = E6C144A12A5C59D5008825AD /* Validations.swift */; };
		E6C144A42A5C65B7008825AD /* LoginHelper.swift in Sources */ = {isa = PBXBuildFile; fileRef = E6C144A32A5C65B7008825AD /* LoginHelper.swift */; };
/* End PBXBuildFile section */

/* Begin PBXFileReference section */
		E6C144862A5C568A008825AD /* easy-pay.app */ = {isa = PBXFileReference; explicitFileType = wrapper.application; includeInIndex = 0; path = "easy-pay.app"; sourceTree = BUILT_PRODUCTS_DIR; };
		E6C144892A5C568A008825AD /* easy_payApp.swift */ = {isa = PBXFileReference; lastKnownFileType = sourcecode.swift; path = easy_payApp.swift; sourceTree = "<group>"; };
		E6C1448B2A5C568A008825AD /* ContentView.swift */ = {isa = PBXFileReference; lastKnownFileType = sourcecode.swift; path = ContentView.swift; sourceTree = "<group>"; };
		E6C1448D2A5C568D008825AD /* Assets.xcassets */ = {isa = PBXFileReference; lastKnownFileType = folder.assetcatalog; path = Assets.xcassets; sourceTree = "<group>"; };
		E6C144902A5C568D008825AD /* Preview Assets.xcassets */ = {isa = PBXFileReference; lastKnownFileType = folder.assetcatalog; path = "Preview Assets.xcassets"; sourceTree = "<group>"; };
		E6C144992A5C5870008825AD /* LoginView.swift */ = {isa = PBXFileReference; lastKnownFileType = sourcecode.swift; path = LoginView.swift; sourceTree = "<group>"; };
		E6C1449D2A5C595A008825AD /* LoginViewModel.swift */ = {isa = PBXFileReference; lastKnownFileType = sourcecode.swift; path = LoginViewModel.swift; sourceTree = "<group>"; };
		E6C144A12A5C59D5008825AD /* Validations.swift */ = {isa = PBXFileReference; lastKnownFileType = sourcecode.swift; path = Validations.swift; sourceTree = "<group>"; };
		E6C144A32A5C65B7008825AD /* LoginHelper.swift */ = {isa = PBXFileReference; lastKnownFileType = sourcecode.swift; path = LoginHelper.swift; sourceTree = "<group>"; };
/* End PBXFileReference section */

/* Begin PBXFrameworksBuildPhase section */
		E6C144832A5C568A008825AD /* Frameworks */ = {
			isa = PBXFrameworksBuildPhase;
			buildActionMask = 2147483647;
			files = (
			);
			runOnlyForDeploymentPostprocessing = 0;
		};
/* End PBXFrameworksBuildPhase section */

/* Begin PBXGroup section */
		E6C1447D2A5C568A008825AD = {
			isa = PBXGroup;
			children = (
				E6C144882A5C568A008825AD /* easy-pay */,
				E6C144872A5C568A008825AD /* Products */,
			);
			sourceTree = "<group>";
		};
		E6C144872A5C568A008825AD /* Products */ = {
			isa = PBXGroup;
			children = (
				E6C144862A5C568A008825AD /* easy-pay.app */,
			);
			name = Products;
			sourceTree = "<group>";
		};
		E6C144882A5C568A008825AD /* easy-pay */ = {
			isa = PBXGroup;
			children = (
				E6C144A02A5C59C7008825AD /* Helpers */,
				E6C144972A5C585B008825AD /* UI */,
				E6C144892A5C568A008825AD /* easy_payApp.swift */,
				E6C1448B2A5C568A008825AD /* ContentView.swift */,
				E6C1448D2A5C568D008825AD /* Assets.xcassets */,
				E6C1448F2A5C568D008825AD /* Preview Content */,
			);
			path = "easy-pay";
			sourceTree = "<group>";
		};
		E6C1448F2A5C568D008825AD /* Preview Content */ = {
			isa = PBXGroup;
			children = (
				E6C144902A5C568D008825AD /* Preview Assets.xcassets */,
			);
			path = "Preview Content";
			sourceTree = "<group>";
		};
		E6C144972A5C585B008825AD /* UI */ = {
			isa = PBXGroup;
			children = (
				E6C144982A5C5861008825AD /* Login */,
			);
			path = UI;
			sourceTree = "<group>";
		};
		E6C144982A5C5861008825AD /* Login */ = {
			isa = PBXGroup;
			children = (
				E6C1449F2A5C59B0008825AD /* LoginHelpers */,
				E6C1449C2A5C594C008825AD /* Views */,
				E6C1449B2A5C5946008825AD /* ViewModels */,
			);
			path = Login;
			sourceTree = "<group>";
		};
		E6C1449B2A5C5946008825AD /* ViewModels */ = {
			isa = PBXGroup;
			children = (
				E6C1449D2A5C595A008825AD /* LoginViewModel.swift */,
			);
			path = ViewModels;
			sourceTree = "<group>";
		};
		E6C1449C2A5C594C008825AD /* Views */ = {
			isa = PBXGroup;
			children = (
				E6C144992A5C5870008825AD /* LoginView.swift */,
			);
			path = Views;
			sourceTree = "<group>";
		};
		E6C1449F2A5C59B0008825AD /* LoginHelpers */ = {
			isa = PBXGroup;
			children = (
				E6C144A32A5C65B7008825AD /* LoginHelper.swift */,
			);
			path = LoginHelpers;
			sourceTree = "<group>";
		};
		E6C144A02A5C59C7008825AD /* Helpers */ = {
			isa = PBXGroup;
			children = (
				E6C144A12A5C59D5008825AD /* Validations.swift */,
			);
			path = Helpers;
			sourceTree = "<group>";
		};
/* End PBXGroup section */

/* Begin PBXNativeTarget section */
		E6C144852A5C568A008825AD /* easy-pay */ = {
			isa = PBXNativeTarget;
			buildConfigurationList = E6C144942A5C568D008825AD /* Build configuration list for PBXNativeTarget "easy-pay" */;
			buildPhases = (
				E6C144822A5C568A008825AD /* Sources */,
				E6C144832A5C568A008825AD /* Frameworks */,
				E6C144842A5C568A008825AD /* Resources */,
			);
			buildRules = (
			);
			dependencies = (
			);
			name = "easy-pay";
			productName = "easy-pay";
			productReference = E6C144862A5C568A008825AD /* easy-pay.app */;
			productType = "com.apple.product-type.application";
		};
/* End PBXNativeTarget section */

/* Begin PBXProject section */
		E6C1447E2A5C568A008825AD /* Project object */ = {
			isa = PBXProject;
			attributes = {
				BuildIndependentTargetsInParallel = 1;
				LastSwiftUpdateCheck = 1430;
				LastUpgradeCheck = 1430;
				TargetAttributes = {
					E6C144852A5C568A008825AD = {
						CreatedOnToolsVersion = 14.3;
					};
				};
			};
			buildConfigurationList = E6C144812A5C568A008825AD /* Build configuration list for PBXProject "easy-pay" */;
			compatibilityVersion = "Xcode 14.0";
			developmentRegion = en;
			hasScannedForEncodings = 0;
			knownRegions = (
				en,
				Base,
			);
			mainGroup = E6C1447D2A5C568A008825AD;
			productRefGroup = E6C144872A5C568A008825AD /* Products */;
			projectDirPath = "";
			projectRoot = "";
			targets = (
				E6C144852A5C568A008825AD /* easy-pay */,
			);
		};
/* End PBXProject section */

/* Begin PBXResourcesBuildPhase section */
		E6C144842A5C568A008825AD /* Resources */ = {
			isa = PBXResourcesBuildPhase;
			buildActionMask = 2147483647;
			files = (
				E6C144912A5C568D008825AD /* Preview Assets.xcassets in Resources */,
				E6C1448E2A5C568D008825AD /* Assets.xcassets in Resources */,
			);
			runOnlyForDeploymentPostprocessing = 0;
		};
/* End PBXResourcesBuildPhase section */

/* Begin PBXSourcesBuildPhase section */
		E6C144822A5C568A008825AD /* Sources */ = {
			isa = PBXSourcesBuildPhase;
			buildActionMask = 2147483647;
			files = (
				E6C1449E2A5C595A008825AD /* LoginViewModel.swift in Sources */,
				E6C1449A2A5C5870008825AD /* LoginView.swift in Sources */,
				E6C1448C2A5C568A008825AD /* ContentView.swift in Sources */,
				E6C1448A2A5C568A008825AD /* easy_payApp.swift in Sources */,
				E6C144A22A5C59D5008825AD /* Validations.swift in Sources */,
				E6C144A42A5C65B7008825AD /* LoginHelper.swift in Sources */,
			);
			runOnlyForDeploymentPostprocessing = 0;
		};
/* End PBXSourcesBuildPhase section */

/* Begin XCBuildConfiguration section */
		E6C144922A5C568D008825AD /* Debug */ = {
			isa = XCBuildConfiguration;
			buildSettings = {
				ALWAYS_SEARCH_USER_PATHS = NO;
				CLANG_ANALYZER_NONNULL = YES;
				CLANG_ANALYZER_NUMBER_OBJECT_CONVERSION = YES_AGGRESSIVE;
				CLANG_CXX_LANGUAGE_STANDARD = "gnu++20";
				CLANG_ENABLE_MODULES = YES;
				CLANG_ENABLE_OBJC_ARC = YES;
				CLANG_ENABLE_OBJC_WEAK = YES;
				CLANG_WARN_BLOCK_CAPTURE_AUTORELEASING = YES;
				CLANG_WARN_BOOL_CONVERSION = YES;
				CLANG_WARN_COMMA = YES;
				CLANG_WARN_CONSTANT_CONVERSION = YES;
				CLANG_WARN_DEPRECATED_OBJC_IMPLEMENTATIONS = YES;
				CLANG_WARN_DIRECT_OBJC_ISA_USAGE = YES_ERROR;
				CLANG_WARN_DOCUMENTATION_COMMENTS = YES;
				CLANG_WARN_EMPTY_BODY = YES;
				CLANG_WARN_ENUM_CONVERSION = YES;
				CLANG_WARN_INFINITE_RECURSION = YES;
				CLANG_WARN_INT_CONVERSION = YES;
				CLANG_WARN_NON_LITERAL_NULL_CONVERSION = YES;
				CLANG_WARN_OBJC_IMPLICIT_RETAIN_SELF = YES;
				CLANG_WARN_OBJC_LITERAL_CONVERSION = YES;
				CLANG_WARN_OBJC_ROOT_CLASS = YES_ERROR;
				CLANG_WARN_QUOTED_INCLUDE_IN_FRAMEWORK_HEADER = YES;
				CLANG_WARN_RANGE_LOOP_ANALYSIS = YES;
				CLANG_WARN_STRICT_PROTOTYPES = YES;
				CLANG_WARN_SUSPICIOUS_MOVE = YES;
				CLANG_WARN_UNGUARDED_AVAILABILITY = YES_AGGRESSIVE;
				CLANG_WARN_UNREACHABLE_CODE = YES;
				CLANG_WARN__DUPLICATE_METHOD_MATCH = YES;
				COPY_PHASE_STRIP = NO;
				DEBUG_INFORMATION_FORMAT = dwarf;
				ENABLE_STRICT_OBJC_MSGSEND = YES;
				ENABLE_TESTABILITY = YES;
				GCC_C_LANGUAGE_STANDARD = gnu11;
				GCC_DYNAMIC_NO_PIC = NO;
				GCC_NO_COMMON_BLOCKS = YES;
				GCC_OPTIMIZATION_LEVEL = 0;
				GCC_PREPROCESSOR_DEFINITIONS = (
					"DEBUG=1",
					"$(inherited)",
				);
				GCC_WARN_64_TO_32_BIT_CONVERSION = YES;
				GCC_WARN_ABOUT_RETURN_TYPE = YES_ERROR;
				GCC_WARN_UNDECLARED_SELECTOR = YES;
				GCC_WARN_UNINITIALIZED_AUTOS = YES_AGGRESSIVE;
				GCC_WARN_UNUSED_FUNCTION = YES;
				GCC_WARN_UNUSED_VARIABLE = YES;
				IPHONEOS_DEPLOYMENT_TARGET = 16.4;
				MTL_ENABLE_DEBUG_INFO = INCLUDE_SOURCE;
				MTL_FAST_MATH = YES;
				ONLY_ACTIVE_ARCH = YES;
				SDKROOT = iphoneos;
				SWIFT_ACTIVE_COMPILATION_CONDITIONS = DEBUG;
				SWIFT_OPTIMIZATION_LEVEL = "-Onone";
			};
			name = Debug;
		};
		E6C144932A5C568D008825AD /* Release */ = {
			isa = XCBuildConfiguration;
			buildSettings = {
				ALWAYS_SEARCH_USER_PATHS = NO;
				CLANG_ANALYZER_NONNULL = YES;
				CLANG_ANALYZER_NUMBER_OBJECT_CONVERSION = YES_AGGRESSIVE;
				CLANG_CXX_LANGUAGE_STANDARD = "gnu++20";
				CLANG_ENABLE_MODULES = YES;
				CLANG_ENABLE_OBJC_ARC = YES;
				CLANG_ENABLE_OBJC_WEAK = YES;
				CLANG_WARN_BLOCK_CAPTURE_AUTORELEASING = YES;
				CLANG_WARN_BOOL_CONVERSION = YES;
				CLANG_WARN_COMMA = YES;
				CLANG_WARN_CONSTANT_CONVERSION = YES;
				CLANG_WARN_DEPRECATED_OBJC_IMPLEMENTATIONS = YES;
				CLANG_WARN_DIRECT_OBJC_ISA_USAGE = YES_ERROR;
				CLANG_WARN_DOCUMENTATION_COMMENTS = YES;
				CLANG_WARN_EMPTY_BODY = YES;
				CLANG_WARN_ENUM_CONVERSION = YES;
				CLANG_WARN_INFINITE_RECURSION = YES;
				CLANG_WARN_INT_CONVERSION = YES;
				CLANG_WARN_NON_LITERAL_NULL_CONVERSION = YES;
				CLANG_WARN_OBJC_IMPLICIT_RETAIN_SELF = YES;
				CLANG_WARN_OBJC_LITERAL_CONVERSION = YES;
				CLANG_WARN_OBJC_ROOT_CLASS = YES_ERROR;
				CLANG_WARN_QUOTED_INCLUDE_IN_FRAMEWORK_HEADER = YES;
				CLANG_WARN_RANGE_LOOP_ANALYSIS = YES;
				CLANG_WARN_STRICT_PROTOTYPES = YES;
				CLANG_WARN_SUSPICIOUS_MOVE = YES;
				CLANG_WARN_UNGUARDED_AVAILABILITY = YES_AGGRESSIVE;
				CLANG_WARN_UNREACHABLE_CODE = YES;
				CLANG_WARN__DUPLICATE_METHOD_MATCH = YES;
				COPY_PHASE_STRIP = NO;
				DEBUG_INFORMATION_FORMAT = "dwarf-with-dsym";
				ENABLE_NS_ASSERTIONS = NO;
				ENABLE_STRICT_OBJC_MSGSEND = YES;
				GCC_C_LANGUAGE_STANDARD = gnu11;
				GCC_NO_COMMON_BLOCKS = YES;
				GCC_WARN_64_TO_32_BIT_CONVERSION = YES;
				GCC_WARN_ABOUT_RETURN_TYPE = YES_ERROR;
				GCC_WARN_UNDECLARED_SELECTOR = YES;
				GCC_WARN_UNINITIALIZED_AUTOS = YES_AGGRESSIVE;
				GCC_WARN_UNUSED_FUNCTION = YES;
				GCC_WARN_UNUSED_VARIABLE = YES;
				IPHONEOS_DEPLOYMENT_TARGET = 16.4;
				MTL_ENABLE_DEBUG_INFO = NO;
				MTL_FAST_MATH = YES;
				SDKROOT = iphoneos;
				SWIFT_COMPILATION_MODE = wholemodule;
				SWIFT_OPTIMIZATION_LEVEL = "-O";
				VALIDATE_PRODUCT = YES;
			};
			name = Release;
		};
		E6C144952A5C568D008825AD /* Debug */ = {
			isa = XCBuildConfiguration;
			buildSettings = {
				ASSETCATALOG_COMPILER_APPICON_NAME = AppIcon;
				ASSETCATALOG_COMPILER_GLOBAL_ACCENT_COLOR_NAME = AccentColor;
				CODE_SIGN_STYLE = Automatic;
				CURRENT_PROJECT_VERSION = 1;
				DEVELOPMENT_ASSET_PATHS = "\"easy-pay/Preview Content\"";
				ENABLE_PREVIEWS = YES;
				GENERATE_INFOPLIST_FILE = YES;
				INFOPLIST_KEY_UIApplicationSceneManifest_Generation = YES;
				INFOPLIST_KEY_UIApplicationSupportsIndirectInputEvents = YES;
				INFOPLIST_KEY_UILaunchScreen_Generation = YES;
				INFOPLIST_KEY_UISupportedInterfaceOrientations_iPad = "UIInterfaceOrientationPortrait UIInterfaceOrientationPortraitUpsideDown UIInterfaceOrientationLandscapeLeft UIInterfaceOrientationLandscapeRight";
				INFOPLIST_KEY_UISupportedInterfaceOrientations_iPhone = "UIInterfaceOrientationPortrait UIInterfaceOrientationLandscapeLeft UIInterfaceOrientationLandscapeRight";
				LD_RUNPATH_SEARCH_PATHS = (
					"$(inherited)",
					"@executable_path/Frameworks",
				);
				MARKETING_VERSION = 1.0;
				PRODUCT_BUNDLE_IDENTIFIER = "com.Crashew.easy-pay";
				PRODUCT_NAME = "$(TARGET_NAME)";
				SWIFT_EMIT_LOC_STRINGS = YES;
				SWIFT_VERSION = 5.0;
				TARGETED_DEVICE_FAMILY = "1,2";
			};
			name = Debug;
		};
		E6C144962A5C568D008825AD /* Release */ = {
			isa = XCBuildConfiguration;
			buildSettings = {
				ASSETCATALOG_COMPILER_APPICON_NAME = AppIcon;
				ASSETCATALOG_COMPILER_GLOBAL_ACCENT_COLOR_NAME = AccentColor;
				CODE_SIGN_STYLE = Automatic;
				CURRENT_PROJECT_VERSION = 1;
				DEVELOPMENT_ASSET_PATHS = "\"easy-pay/Preview Content\"";
				ENABLE_PREVIEWS = YES;
				GENERATE_INFOPLIST_FILE = YES;
				INFOPLIST_KEY_UIApplicationSceneManifest_Generation = YES;
				INFOPLIST_KEY_UIApplicationSupportsIndirectInputEvents = YES;
				INFOPLIST_KEY_UILaunchScreen_Generation = YES;
				INFOPLIST_KEY_UISupportedInterfaceOrientations_iPad = "UIInterfaceOrientationPortrait UIInterfaceOrientationPortraitUpsideDown UIInterfaceOrientationLandscapeLeft UIInterfaceOrientationLandscapeRight";
				INFOPLIST_KEY_UISupportedInterfaceOrientations_iPhone = "UIInterfaceOrientationPortrait UIInterfaceOrientationLandscapeLeft UIInterfaceOrientationLandscapeRight";
				LD_RUNPATH_SEARCH_PATHS = (
					"$(inherited)",
					"@executable_path/Frameworks",
				);
				MARKETING_VERSION = 1.0;
				PRODUCT_BUNDLE_IDENTIFIER = "com.Crashew.easy-pay";
				PRODUCT_NAME = "$(TARGET_NAME)";
				SWIFT_EMIT_LOC_STRINGS = YES;
				SWIFT_VERSION = 5.0;
				TARGETED_DEVICE_FAMILY = "1,2";
			};
			name = Release;
		};
/* End XCBuildConfiguration section */

/* Begin XCConfigurationList section */
		E6C144812A5C568A008825AD /* Build configuration list for PBXProject "easy-pay" */ = {
			isa = XCConfigurationList;
			buildConfigurations = (
				E6C144922A5C568D008825AD /* Debug */,
				E6C144932A5C568D008825AD /* Release */,
			);
			defaultConfigurationIsVisible = 0;
			defaultConfigurationName = Release;
		};
		E6C144942A5C568D008825AD /* Build configuration list for PBXNativeTarget "easy-pay" */ = {
			isa = XCConfigurationList;
			buildConfigurations = (
				E6C144952A5C568D008825AD /* Debug */,
				E6C144962A5C568D008825AD /* Release */,
			);
			defaultConfigurationIsVisible = 0;
			defaultConfigurationName = Release;
		};
/* End XCConfigurationList section */
	};
	rootObject = E6C1447E2A5C568A008825AD /* Project object */;
}
